
Microsoft Visual Studio Solution File, Format Version 12.00
# Visual Studio Version 17
VisualStudioVersion = 17.14.36109.1
MinimumVisualStudioVersion = 10.0.40219.1
Project("{FAE04EC0-301F-11D3-BF4B-00C04F79EFBC}") = "MoManaCha-Astral-Prayer", "MoManaCha-Astral-Prayer.csproj", "{0613AEAD-1796-44A1-8AC4-CA21CDF4A4CB}"
EndProject
Global
	GlobalSection(SolutionConfigurationPlatforms) = preSolution
		Debug|Any CPU = Debug|Any CPU
		Release|Any CPU = Release|Any CPU
	EndGlobalSection
	GlobalSection(ProjectConfigurationPlatforms) = postSolution
		{0613AEAD-1796-44A1-8AC4-CA21CDF4A4CB}.Debug|Any CPU.ActiveCfg = Debug|Any CPU
		{0613AEAD-1796-44A1-8AC4-CA21CDF4A4CB}.Debug|Any CPU.Build.0 = Debug|Any CPU
		{0613AEAD-1796-44A1-8AC4-CA21CDF4A4CB}.Release|Any CPU.ActiveCfg = Release|Any CPU
		{0613AEAD-1796-44A1-8AC4-CA21CDF4A4CB}.Release|Any CPU.Build.0 = Release|Any CPU
	EndGlobalSection
	GlobalSection(SolutionProperties) = preSolution
		HideSolutionNode = FALSE
	EndGlobalSection
	GlobalSection(ExtensibilityGlobals) = postSolution
		SolutionGuid = {64B2D51E-8F7D-4ACD-A5B4-90FD0C68200D}
	EndGlobalSection
EndGlobal
